
Microsoft Visual Studio Solution File, Format Version 12.00
# Visual Studio Version 17
VisualStudioVersion = 17.11.35327.3
MinimumVisualStudioVersion = 10.0.40219.1
Project("{FAE04EC0-301F-11D3-BF4B-00C04F79EFBC}") = "IBM21Nov2024ADONET_EntityFramework", "IBM21Nov2024ADONET_EntityFramework\IBM21Nov2024ADONET_EntityFramework.csproj", "{EA70BB88-58ED-4B08-AD8F-4C94A05DEC52}"
EndProject
Global
	GlobalSection(SolutionConfigurationPlatforms) = preSolution
		Debug|Any CPU = Debug|Any CPU
		Release|Any CPU = Release|Any CPU
	EndGlobalSection
	GlobalSection(ProjectConfigurationPlatforms) = postSolution
		{EA70BB88-58ED-4B08-AD8F-4C94A05DEC52}.Debug|Any CPU.ActiveCfg = Debug|Any CPU
		{EA70BB88-58ED-4B08-AD8F-4C94A05DEC52}.Debug|Any CPU.Build.0 = Debug|Any CPU
		{EA70BB88-58ED-4B08-AD8F-4C94A05DEC52}.Release|Any CPU.ActiveCfg = Release|Any CPU
		{EA70BB88-58ED-4B08-AD8F-4C94A05DEC52}.Release|Any CPU.Build.0 = Release|Any CPU
	EndGlobalSection
	GlobalSection(SolutionProperties) = preSolution
		HideSolutionNode = FALSE
	EndGlobalSection
	GlobalSection(ExtensibilityGlobals) = postSolution
		SolutionGuid = {4D13ABF0-21F7-466A-9233-7F37A3788FC6}
	EndGlobalSection
EndGlobal
